
Microsoft Visual Studio Solution File, Format Version 12.00
# Visual Studio Version 16
VisualStudioVersion = 16.0.30309.148
MinimumVisualStudioVersion = 10.0.40219.1
Project("{9A19103F-16F7-4668-BE54-9A1E7A4F7556}") = "Compiler", "Compiler\Compiler.csproj", "{9D7997B9-8986-4B50-9CCC-0B65AA649DBF}"
EndProject
Project("{FAE04EC0-301F-11D3-BF4B-00C04F79EFBC}") = "RoslynTest", "RoslynTest\RoslynTest.csproj", "{5D1A968E-87BD-4C43-843E-76F89BF6FA08}"
EndProject
Global
	GlobalSection(SolutionConfigurationPlatforms) = preSolution
		Debug|Any CPU = Debug|Any CPU
		Release|Any CPU = Release|Any CPU
	EndGlobalSection
	GlobalSection(ProjectConfigurationPlatforms) = postSolution
		{9D7997B9-8986-4B50-9CCC-0B65AA649DBF}.Debug|Any CPU.ActiveCfg = Debug|Any CPU
		{9D7997B9-8986-4B50-9CCC-0B65AA649DBF}.Debug|Any CPU.Build.0 = Debug|Any CPU
		{9D7997B9-8986-4B50-9CCC-0B65AA649DBF}.Release|Any CPU.ActiveCfg = Release|Any CPU
		{9D7997B9-8986-4B50-9CCC-0B65AA649DBF}.Release|Any CPU.Build.0 = Release|Any CPU
		{5D1A968E-87BD-4C43-843E-76F89BF6FA08}.Debug|Any CPU.ActiveCfg = Debug|Any CPU
		{5D1A968E-87BD-4C43-843E-76F89BF6FA08}.Debug|Any CPU.Build.0 = Debug|Any CPU
		{5D1A968E-87BD-4C43-843E-76F89BF6FA08}.Release|Any CPU.ActiveCfg = Release|Any CPU
		{5D1A968E-87BD-4C43-843E-76F89BF6FA08}.Release|Any CPU.Build.0 = Release|Any CPU
	EndGlobalSection
	GlobalSection(SolutionProperties) = preSolution
		HideSolutionNode = FALSE
	EndGlobalSection
	GlobalSection(ExtensibilityGlobals) = postSolution
		SolutionGuid = {BF5375B4-4740-4CF2-84CE-C5546D5CF703}
	EndGlobalSection
EndGlobal
